// !$*UTF8*$!
{
	archiveVersion = 1;
	classes = {
	};
	objectVersion = 50;
	objects = {

/* Begin PBXBuildFile section */
		1ACC35CD268CFB9E008E3847 /* AppDelegate.swift in Sources */ = {isa = PBXBuildFile; fileRef = 1ACC35CC268CFB9E008E3847 /* AppDelegate.swift */; };
		1ACC35CF268CFB9E008E3847 /* SceneDelegate.swift in Sources */ = {isa = PBXBuildFile; fileRef = 1ACC35CE268CFB9E008E3847 /* SceneDelegate.swift */; };
		1ACC35D1268CFB9E008E3847 /* ViewController.swift in Sources */ = {isa = PBXBuildFile; fileRef = 1ACC35D0268CFB9E008E3847 /* ViewController.swift */; };
		1ACC35D4268CFB9E008E3847 /* Main.storyboard in Resources */ = {isa = PBXBuildFile; fileRef = 1ACC35D2268CFB9E008E3847 /* Main.storyboard */; };
		1ACC35D6268CFBA0008E3847 /* Assets.xcassets in Resources */ = {isa = PBXBuildFile; fileRef = 1ACC35D5268CFBA0008E3847 /* Assets.xcassets */; };
		1ACC35D9268CFBA0008E3847 /* LaunchScreen.storyboard in Resources */ = {isa = PBXBuildFile; fileRef = 1ACC35D7268CFBA0008E3847 /* LaunchScreen.storyboard */; };
		1ACC35E5268CFBDB008E3847 /* Weather.swift in Sources */ = {isa = PBXBuildFile; fileRef = 1ACC35E4268CFBDB008E3847 /* Weather.swift */; };
		1ACC35E7268CFC0E008E3847 /* MainTableViewModel.swift in Sources */ = {isa = PBXBuildFile; fileRef = 1ACC35E6268CFC0E008E3847 /* MainTableViewModel.swift */; };
		1ACC35E9268CFD71008E3847 /* MainTableCellViewModel.swift in Sources */ = {isa = PBXBuildFile; fileRef = 1ACC35E8268CFD71008E3847 /* MainTableCellViewModel.swift */; };
		1ACC35EB268CFF0F008E3847 /* MainTableViewController.swift in Sources */ = {isa = PBXBuildFile; fileRef = 1ACC35EA268CFF0F008E3847 /* MainTableViewController.swift */; };
		1ACC35ED268D02D3008E3847 /* MainTableViewCell.swift in Sources */ = {isa = PBXBuildFile; fileRef = 1ACC35EC268D02D3008E3847 /* MainTableViewCell.swift */; };
		1ACC35EF268D0B8D008E3847 /* DetailViewController.swift in Sources */ = {isa = PBXBuildFile; fileRef = 1ACC35EE268D0B8D008E3847 /* DetailViewController.swift */; };
		1ACC35F1268D0BAD008E3847 /* DetailViewModel.swift in Sources */ = {isa = PBXBuildFile; fileRef = 1ACC35F0268D0BAD008E3847 /* DetailViewModel.swift */; };
/* End PBXBuildFile section */

/* Begin PBXFileReference section */
		1ACC35C9268CFB9E008E3847 /* MSTest.app */ = {isa = PBXFileReference; explicitFileType = wrapper.application; includeInIndex = 0; path = MSTest.app; sourceTree = BUILT_PRODUCTS_DIR; };
		1ACC35CC268CFB9E008E3847 /* AppDelegate.swift */ = {isa = PBXFileReference; lastKnownFileType = sourcecode.swift; path = AppDelegate.swift; sourceTree = "<group>"; };
		1ACC35CE268CFB9E008E3847 /* SceneDelegate.swift */ = {isa = PBXFileReference; lastKnownFileType = sourcecode.swift; path = SceneDelegate.swift; sourceTree = "<group>"; };
		1ACC35D0268CFB9E008E3847 /* ViewController.swift */ = {isa = PBXFileReference; lastKnownFileType = sourcecode.swift; path = ViewController.swift; sourceTree = "<group>"; };
		1ACC35D3268CFB9E008E3847 /* Base */ = {isa = PBXFileReference; lastKnownFileType = file.storyboard; name = Base; path = Base.lproj/Main.storyboard; sourceTree = "<group>"; };
		1ACC35D5268CFBA0008E3847 /* Assets.xcassets */ = {isa = PBXFileReference; lastKnownFileType = folder.assetcatalog; path = Assets.xcassets; sourceTree = "<group>"; };
		1ACC35D8268CFBA0008E3847 /* Base */ = {isa = PBXFileReference; lastKnownFileType = file.storyboard; name = Base; path = Base.lproj/LaunchScreen.storyboard; sourceTree = "<group>"; };
		1ACC35DA268CFBA0008E3847 /* Info.plist */ = {isa = PBXFileReference; lastKnownFileType = text.plist.xml; path = Info.plist; sourceTree = "<group>"; };
		1ACC35E4268CFBDB008E3847 /* Weather.swift */ = {isa = PBXFileReference; lastKnownFileType = sourcecode.swift; path = Weather.swift; sourceTree = "<group>"; };
		1ACC35E6268CFC0E008E3847 /* MainTableViewModel.swift */ = {isa = PBXFileReference; lastKnownFileType = sourcecode.swift; path = MainTableViewModel.swift; sourceTree = "<group>"; };
		1ACC35E8268CFD71008E3847 /* MainTableCellViewModel.swift */ = {isa = PBXFileReference; lastKnownFileType = sourcecode.swift; path = MainTableCellViewModel.swift; sourceTree = "<group>"; };
		1ACC35EA268CFF0F008E3847 /* MainTableViewController.swift */ = {isa = PBXFileReference; lastKnownFileType = sourcecode.swift; path = MainTableViewController.swift; sourceTree = "<group>"; };
		1ACC35EC268D02D3008E3847 /* MainTableViewCell.swift */ = {isa = PBXFileReference; lastKnownFileType = sourcecode.swift; path = MainTableViewCell.swift; sourceTree = "<group>"; };
		1ACC35EE268D0B8D008E3847 /* DetailViewController.swift */ = {isa = PBXFileReference; lastKnownFileType = sourcecode.swift; path = DetailViewController.swift; sourceTree = "<group>"; };
		1ACC35F0268D0BAD008E3847 /* DetailViewModel.swift */ = {isa = PBXFileReference; lastKnownFileType = sourcecode.swift; path = DetailViewModel.swift; sourceTree = "<group>"; };
/* End PBXFileReference section */

/* Begin PBXFrameworksBuildPhase section */
		1ACC35C6268CFB9E008E3847 /* Frameworks */ = {
			isa = PBXFrameworksBuildPhase;
			buildActionMask = 2147483647;
			files = (
			);
			runOnlyForDeploymentPostprocessing = 0;
		};
/* End PBXFrameworksBuildPhase section */

/* Begin PBXGroup section */
		1ACC35C0268CFB9E008E3847 = {
			isa = PBXGroup;
			children = (
				1ACC35CB268CFB9E008E3847 /* MSTest */,
				1ACC35CA268CFB9E008E3847 /* Products */,
			);
			sourceTree = "<group>";
		};
		1ACC35CA268CFB9E008E3847 /* Products */ = {
			isa = PBXGroup;
			children = (
				1ACC35C9268CFB9E008E3847 /* MSTest.app */,
			);
			name = Products;
			sourceTree = "<group>";
		};
		1ACC35CB268CFB9E008E3847 /* MSTest */ = {
			isa = PBXGroup;
			children = (
				1ACC35E1268CFBBA008E3847 /* Model */,
				1ACC35E2268CFBC2008E3847 /* View */,
				1ACC35E3268CFBC7008E3847 /* ViewModel */,
				1ACC35CC268CFB9E008E3847 /* AppDelegate.swift */,
				1ACC35CE268CFB9E008E3847 /* SceneDelegate.swift */,
				1ACC35D0268CFB9E008E3847 /* ViewController.swift */,
				1ACC35D2268CFB9E008E3847 /* Main.storyboard */,
				1ACC35D5268CFBA0008E3847 /* Assets.xcassets */,
				1ACC35D7268CFBA0008E3847 /* LaunchScreen.storyboard */,
				1ACC35DA268CFBA0008E3847 /* Info.plist */,
			);
			path = MSTest;
			sourceTree = "<group>";
		};
		1ACC35E1268CFBBA008E3847 /* Model */ = {
			isa = PBXGroup;
			children = (
				1ACC35E4268CFBDB008E3847 /* Weather.swift */,
			);
			path = Model;
			sourceTree = "<group>";
		};
		1ACC35E2268CFBC2008E3847 /* View */ = {
			isa = PBXGroup;
			children = (
				1ACC35EA268CFF0F008E3847 /* MainTableViewController.swift */,
				1ACC35EC268D02D3008E3847 /* MainTableViewCell.swift */,
				1ACC35EE268D0B8D008E3847 /* DetailViewController.swift */,
			);
			path = View;
			sourceTree = "<group>";
		};
		1ACC35E3268CFBC7008E3847 /* ViewModel */ = {
			isa = PBXGroup;
			children = (
				1ACC35E6268CFC0E008E3847 /* MainTableViewModel.swift */,
				1ACC35E8268CFD71008E3847 /* MainTableCellViewModel.swift */,
				1ACC35F0268D0BAD008E3847 /* DetailViewModel.swift */,
			);
			path = ViewModel;
			sourceTree = "<group>";
		};
/* End PBXGroup section */

/* Begin PBXNativeTarget section */
		1ACC35C8268CFB9E008E3847 /* MSTest */ = {
			isa = PBXNativeTarget;
			buildConfigurationList = 1ACC35DD268CFBA0008E3847 /* Build configuration list for PBXNativeTarget "MSTest" */;
			buildPhases = (
				1ACC35C5268CFB9E008E3847 /* Sources */,
				1ACC35C6268CFB9E008E3847 /* Frameworks */,
				1ACC35C7268CFB9E008E3847 /* Resources */,
			);
			buildRules = (
			);
			dependencies = (
			);
			name = MSTest;
			productName = MSTest;
			productReference = 1ACC35C9268CFB9E008E3847 /* MSTest.app */;
			productType = "com.apple.product-type.application";
		};
/* End PBXNativeTarget section */

/* Begin PBXProject section */
		1ACC35C1268CFB9E008E3847 /* Project object */ = {
			isa = PBXProject;
			attributes = {
				LastSwiftUpdateCheck = 1250;
				LastUpgradeCheck = 1250;
				TargetAttributes = {
					1ACC35C8268CFB9E008E3847 = {
						CreatedOnToolsVersion = 12.5;
					};
				};
			};
			buildConfigurationList = 1ACC35C4268CFB9E008E3847 /* Build configuration list for PBXProject "MSTest" */;
			compatibilityVersion = "Xcode 9.3";
			developmentRegion = en;
			hasScannedForEncodings = 0;
			knownRegions = (
				en,
				Base,
			);
			mainGroup = 1ACC35C0268CFB9E008E3847;
			productRefGroup = 1ACC35CA268CFB9E008E3847 /* Products */;
			projectDirPath = "";
			projectRoot = "";
			targets = (
				1ACC35C8268CFB9E008E3847 /* MSTest */,
			);
		};
/* End PBXProject section */

/* Begin PBXResourcesBuildPhase section */
		1ACC35C7268CFB9E008E3847 /* Resources */ = {
			isa = PBXResourcesBuildPhase;
			buildActionMask = 2147483647;
			files = (
				1ACC35D9268CFBA0008E3847 /* LaunchScreen.storyboard in Resources */,
				1ACC35D6268CFBA0008E3847 /* Assets.xcassets in Resources */,
				1ACC35D4268CFB9E008E3847 /* Main.storyboard in Resources */,
			);
			runOnlyForDeploymentPostprocessing = 0;
		};
/* End PBXResourcesBuildPhase section */

/* Begin PBXSourcesBuildPhase section */
		1ACC35C5268CFB9E008E3847 /* Sources */ = {
			isa = PBXSourcesBuildPhase;
			buildActionMask = 2147483647;
			files = (
				1ACC35EF268D0B8D008E3847 /* DetailViewController.swift in Sources */,
				1ACC35E9268CFD71008E3847 /* MainTableCellViewModel.swift in Sources */,
				1ACC35E7268CFC0E008E3847 /* MainTableViewModel.swift in Sources */,
				1ACC35F1268D0BAD008E3847 /* DetailViewModel.swift in Sources */,
				1ACC35ED268D02D3008E3847 /* MainTableViewCell.swift in Sources */,
				1ACC35E5268CFBDB008E3847 /* Weather.swift in Sources */,
				1ACC35D1268CFB9E008E3847 /* ViewController.swift in Sources */,
				1ACC35CD268CFB9E008E3847 /* AppDelegate.swift in Sources */,
				1ACC35CF268CFB9E008E3847 /* SceneDelegate.swift in Sources */,
				1ACC35EB268CFF0F008E3847 /* MainTableViewController.swift in Sources */,
			);
			runOnlyForDeploymentPostprocessing = 0;
		};
/* End PBXSourcesBuildPhase section */

/* Begin PBXVariantGroup section */
		1ACC35D2268CFB9E008E3847 /* Main.storyboard */ = {
			isa = PBXVariantGroup;
			children = (
				1ACC35D3268CFB9E008E3847 /* Base */,
			);
			name = Main.storyboard;
			sourceTree = "<group>";
		};
		1ACC35D7268CFBA0008E3847 /* LaunchScreen.storyboard */ = {
			isa = PBXVariantGroup;
			children = (
				1ACC35D8268CFBA0008E3847 /* Base */,
			);
			name = LaunchScreen.storyboard;
			sourceTree = "<group>";
		};
/* End PBXVariantGroup section */

/* Begin XCBuildConfiguration section */
		1ACC35DB268CFBA0008E3847 /* Debug */ = {
			isa = XCBuildConfiguration;
			buildSettings = {
				ALWAYS_SEARCH_USER_PATHS = NO;
				CLANG_ANALYZER_NONNULL = YES;
				CLANG_ANALYZER_NUMBER_OBJECT_CONVERSION = YES_AGGRESSIVE;
				CLANG_CXX_LANGUAGE_STANDARD = "gnu++14";
				CLANG_CXX_LIBRARY = "libc++";
				CLANG_ENABLE_MODULES = YES;
				CLANG_ENABLE_OBJC_ARC = YES;
				CLANG_ENABLE_OBJC_WEAK = YES;
				CLANG_WARN_BLOCK_CAPTURE_AUTORELEASING = YES;
				CLANG_WARN_BOOL_CONVERSION = YES;
				CLANG_WARN_COMMA = YES;
				CLANG_WARN_CONSTANT_CONVERSION = YES;
				CLANG_WARN_DEPRECATED_OBJC_IMPLEMENTATIONS = YES;
				CLANG_WARN_DIRECT_OBJC_ISA_USAGE = YES_ERROR;
				CLANG_WARN_DOCUMENTATION_COMMENTS = YES;
				CLANG_WARN_EMPTY_BODY = YES;
				CLANG_WARN_ENUM_CONVERSION = YES;
				CLANG_WARN_INFINITE_RECURSION = YES;
				CLANG_WARN_INT_CONVERSION = YES;
				CLANG_WARN_NON_LITERAL_NULL_CONVERSION = YES;
				CLANG_WARN_OBJC_IMPLICIT_RETAIN_SELF = YES;
				CLANG_WARN_OBJC_LITERAL_CONVERSION = YES;
				CLANG_WARN_OBJC_ROOT_CLASS = YES_ERROR;
				CLANG_WARN_QUOTED_INCLUDE_IN_FRAMEWORK_HEADER = YES;
				CLANG_WARN_RANGE_LOOP_ANALYSIS = YES;
				CLANG_WARN_STRICT_PROTOTYPES = YES;
				CLANG_WARN_SUSPICIOUS_MOVE = YES;
				CLANG_WARN_UNGUARDED_AVAILABILITY = YES_AGGRESSIVE;
				CLANG_WARN_UNREACHABLE_CODE = YES;
				CLANG_WARN__DUPLICATE_METHOD_MATCH = YES;
				COPY_PHASE_STRIP = NO;
				DEBUG_INFORMATION_FORMAT = dwarf;
				ENABLE_STRICT_OBJC_MSGSEND = YES;
				ENABLE_TESTABILITY = YES;
				GCC_C_LANGUAGE_STANDARD = gnu11;
				GCC_DYNAMIC_NO_PIC = NO;
				GCC_NO_COMMON_BLOCKS = YES;
				GCC_OPTIMIZATION_LEVEL = 0;
				GCC_PREPROCESSOR_DEFINITIONS = (
					"DEBUG=1",
					"$(inherited)",
				);
				GCC_WARN_64_TO_32_BIT_CONVERSION = YES;
				GCC_WARN_ABOUT_RETURN_TYPE = YES_ERROR;
				GCC_WARN_UNDECLARED_SELECTOR = YES;
				GCC_WARN_UNINITIALIZED_AUTOS = YES_AGGRESSIVE;
				GCC_WARN_UNUSED_FUNCTION = YES;
				GCC_WARN_UNUSED_VARIABLE = YES;
				IPHONEOS_DEPLOYMENT_TARGET = 14.5;
				MTL_ENABLE_DEBUG_INFO = INCLUDE_SOURCE;
				MTL_FAST_MATH = YES;
				ONLY_ACTIVE_ARCH = YES;
				SDKROOT = iphoneos;
				SWIFT_ACTIVE_COMPILATION_CONDITIONS = DEBUG;
				SWIFT_OPTIMIZATION_LEVEL = "-Onone";
			};
			name = Debug;
		};
		1ACC35DC268CFBA0008E3847 /* Release */ = {
			isa = XCBuildConfiguration;
			buildSettings = {
				ALWAYS_SEARCH_USER_PATHS = NO;
				CLANG_ANALYZER_NONNULL = YES;
				CLANG_ANALYZER_NUMBER_OBJECT_CONVERSION = YES_AGGRESSIVE;
				CLANG_CXX_LANGUAGE_STANDARD = "gnu++14";
				CLANG_CXX_LIBRARY = "libc++";
				CLANG_ENABLE_MODULES = YES;
				CLANG_ENABLE_OBJC_ARC = YES;
				CLANG_ENABLE_OBJC_WEAK = YES;
				CLANG_WARN_BLOCK_CAPTURE_AUTORELEASING = YES;
				CLANG_WARN_BOOL_CONVERSION = YES;
				CLANG_WARN_COMMA = YES;
				CLANG_WARN_CONSTANT_CONVERSION = YES;
				CLANG_WARN_DEPRECATED_OBJC_IMPLEMENTATIONS = YES;
				CLANG_WARN_DIRECT_OBJC_ISA_USAGE = YES_ERROR;
				CLANG_WARN_DOCUMENTATION_COMMENTS = YES;
				CLANG_WARN_EMPTY_BODY = YES;
				CLANG_WARN_ENUM_CONVERSION = YES;
				CLANG_WARN_INFINITE_RECURSION = YES;
				CLANG_WARN_INT_CONVERSION = YES;
				CLANG_WARN_NON_LITERAL_NULL_CONVERSION = YES;
				CLANG_WARN_OBJC_IMPLICIT_RETAIN_SELF = YES;
				CLANG_WARN_OBJC_LITERAL_CONVERSION = YES;
				CLANG_WARN_OBJC_ROOT_CLASS = YES_ERROR;
				CLANG_WARN_QUOTED_INCLUDE_IN_FRAMEWORK_HEADER = YES;
				CLANG_WARN_RANGE_LOOP_ANALYSIS = YES;
				CLANG_WARN_STRICT_PROTOTYPES = YES;
				CLANG_WARN_SUSPICIOUS_MOVE = YES;
				CLANG_WARN_UNGUARDED_AVAILABILITY = YES_AGGRESSIVE;
				CLANG_WARN_UNREACHABLE_CODE = YES;
				CLANG_WARN__DUPLICATE_METHOD_MATCH = YES;
				COPY_PHASE_STRIP = NO;
				DEBUG_INFORMATION_FORMAT = "dwarf-with-dsym";
				ENABLE_NS_ASSERTIONS = NO;
				ENABLE_STRICT_OBJC_MSGSEND = YES;
				GCC_C_LANGUAGE_STANDARD = gnu11;
				GCC_NO_COMMON_BLOCKS = YES;
				GCC_WARN_64_TO_32_BIT_CONVERSION = YES;
				GCC_WARN_ABOUT_RETURN_TYPE = YES_ERROR;
				GCC_WARN_UNDECLARED_SELECTOR = YES;
				GCC_WARN_UNINITIALIZED_AUTOS = YES_AGGRESSIVE;
				GCC_WARN_UNUSED_FUNCTION = YES;
				GCC_WARN_UNUSED_VARIABLE = YES;
				IPHONEOS_DEPLOYMENT_TARGET = 14.5;
				MTL_ENABLE_DEBUG_INFO = NO;
				MTL_FAST_MATH = YES;
				SDKROOT = iphoneos;
				SWIFT_COMPILATION_MODE = wholemodule;
				SWIFT_OPTIMIZATION_LEVEL = "-O";
				VALIDATE_PRODUCT = YES;
			};
			name = Release;
		};
		1ACC35DE268CFBA0008E3847 /* Debug */ = {
			isa = XCBuildConfiguration;
			buildSettings = {
				ASSETCATALOG_COMPILER_APPICON_NAME = AppIcon;
				ASSETCATALOG_COMPILER_GLOBAL_ACCENT_COLOR_NAME = AccentColor;
				CODE_SIGN_STYLE = Automatic;
				DEVELOPMENT_TEAM = 3UA8S3764J;
				INFOPLIST_FILE = MSTest/Info.plist;
				LD_RUNPATH_SEARCH_PATHS = (
					"$(inherited)",
					"@executable_path/Frameworks",
				);
				PRODUCT_BUNDLE_IDENTIFIER = com.Andrey.Kalyamin.MSTest;
				PRODUCT_NAME = "$(TARGET_NAME)";
				SWIFT_VERSION = 5.0;
				TARGETED_DEVICE_FAMILY = "1,2";
			};
			name = Debug;
		};
		1ACC35DF268CFBA0008E3847 /* Release */ = {
			isa = XCBuildConfiguration;
			buildSettings = {
				ASSETCATALOG_COMPILER_APPICON_NAME = AppIcon;
				ASSETCATALOG_COMPILER_GLOBAL_ACCENT_COLOR_NAME = AccentColor;
				CODE_SIGN_STYLE = Automatic;
				DEVELOPMENT_TEAM = 3UA8S3764J;
				INFOPLIST_FILE = MSTest/Info.plist;
				LD_RUNPATH_SEARCH_PATHS = (
					"$(inherited)",
					"@executable_path/Frameworks",
				);
				PRODUCT_BUNDLE_IDENTIFIER = com.Andrey.Kalyamin.MSTest;
				PRODUCT_NAME = "$(TARGET_NAME)";
				SWIFT_VERSION = 5.0;
				TARGETED_DEVICE_FAMILY = "1,2";
			};
			name = Release;
		};
/* End XCBuildConfiguration section */

/* Begin XCConfigurationList section */
		1ACC35C4268CFB9E008E3847 /* Build configuration list for PBXProject "MSTest" */ = {
			isa = XCConfigurationList;
			buildConfigurations = (
				1ACC35DB268CFBA0008E3847 /* Debug */,
				1ACC35DC268CFBA0008E3847 /* Release */,
			);
			defaultConfigurationIsVisible = 0;
			defaultConfigurationName = Release;
		};
		1ACC35DD268CFBA0008E3847 /* Build configuration list for PBXNativeTarget "MSTest" */ = {
			isa = XCConfigurationList;
			buildConfigurations = (
				1ACC35DE268CFBA0008E3847 /* Debug */,
				1ACC35DF268CFBA0008E3847 /* Release */,
			);
			defaultConfigurationIsVisible = 0;
			defaultConfigurationName = Release;
		};
/* End XCConfigurationList section */
	};
	rootObject = 1ACC35C1268CFB9E008E3847 /* Project object */;
}
